// !$*UTF8*$!
{
	archiveVersion = 1;
	classes = {
	};
	objectVersion = 48;
	objects = {

/* Begin PBXBuildFile section */
		62D36DDA1FD15BBC00D7699C /* AppDelegate.m in Sources */ = {isa = PBXBuildFile; fileRef = 62D36DD91FD15BBC00D7699C /* AppDelegate.m */; };
		62D36DDD1FD15BBC00D7699C /* ViewController.m in Sources */ = {isa = PBXBuildFile; fileRef = 62D36DDC1FD15BBC00D7699C /* ViewController.m */; };
		62D36DE01FD15BBC00D7699C /* Main.storyboard in Resources */ = {isa = PBXBuildFile; fileRef = 62D36DDE1FD15BBC00D7699C /* Main.storyboard */; };
		62D36DE31FD15BBC00D7699C /* Test.xcdatamodeld in Sources */ = {isa = PBXBuildFile; fileRef = 62D36DE11FD15BBC00D7699C /* Test.xcdatamodeld */; };
		62D36DE51FD15BBC00D7699C /* Assets.xcassets in Resources */ = {isa = PBXBuildFile; fileRef = 62D36DE41FD15BBC00D7699C /* Assets.xcassets */; };
		62D36DE81FD15BBC00D7699C /* LaunchScreen.storyboard in Resources */ = {isa = PBXBuildFile; fileRef = 62D36DE61FD15BBC00D7699C /* LaunchScreen.storyboard */; };
		62D36DEB1FD15BBC00D7699C /* main.m in Sources */ = {isa = PBXBuildFile; fileRef = 62D36DEA1FD15BBC00D7699C /* main.m */; };
		62D36DF51FD15BBC00D7699C /* TestTests.m in Sources */ = {isa = PBXBuildFile; fileRef = 62D36DF41FD15BBC00D7699C /* TestTests.m */; };
		62D36E001FD15BBC00D7699C /* TestUITests.m in Sources */ = {isa = PBXBuildFile; fileRef = 62D36DFF1FD15BBC00D7699C /* TestUITests.m */; };
/* End PBXBuildFile section */

/* Begin PBXContainerItemProxy section */
		62D36DF11FD15BBC00D7699C /* PBXContainerItemProxy */ = {
			isa = PBXContainerItemProxy;
			containerPortal = 62D36DCD1FD15BBB00D7699C /* Project object */;
			proxyType = 1;
			remoteGlobalIDString = 62D36DD41FD15BBC00D7699C;
			remoteInfo = Test;
		};
		62D36DFC1FD15BBC00D7699C /* PBXContainerItemProxy */ = {
			isa = PBXContainerItemProxy;
			containerPortal = 62D36DCD1FD15BBB00D7699C /* Project object */;
			proxyType = 1;
			remoteGlobalIDString = 62D36DD41FD15BBC00D7699C;
			remoteInfo = Test;
		};
/* End PBXContainerItemProxy section */

/* Begin PBXFileReference section */
		62D36DD51FD15BBC00D7699C /* Test.app */ = {isa = PBXFileReference; explicitFileType = wrapper.application; includeInIndex = 0; path = Test.app; sourceTree = BUILT_PRODUCTS_DIR; };
		62D36DD81FD15BBC00D7699C /* AppDelegate.h */ = {isa = PBXFileReference; lastKnownFileType = sourcecode.c.h; path = AppDelegate.h; sourceTree = "<group>"; };
		62D36DD91FD15BBC00D7699C /* AppDelegate.m */ = {isa = PBXFileReference; lastKnownFileType = sourcecode.c.objc; path = AppDelegate.m; sourceTree = "<group>"; };
		62D36DDB1FD15BBC00D7699C /* ViewController.h */ = {isa = PBXFileReference; lastKnownFileType = sourcecode.c.h; path = ViewController.h; sourceTree = "<group>"; };
		62D36DDC1FD15BBC00D7699C /* ViewController.m */ = {isa = PBXFileReference; lastKnownFileType = sourcecode.c.objc; path = ViewController.m; sourceTree = "<group>"; };
		62D36DDF1FD15BBC00D7699C /* Base */ = {isa = PBXFileReference; lastKnownFileType = file.storyboard; name = Base; path = Base.lproj/Main.storyboard; sourceTree = "<group>"; };
		62D36DE21FD15BBC00D7699C /* Test.xcdatamodel */ = {isa = PBXFileReference; lastKnownFileType = wrapper.xcdatamodel; path = Test.xcdatamodel; sourceTree = "<group>"; };
		62D36DE41FD15BBC00D7699C /* Assets.xcassets */ = {isa = PBXFileReference; lastKnownFileType = folder.assetcatalog; path = Assets.xcassets; sourceTree = "<group>"; };
		62D36DE71FD15BBC00D7699C /* Base */ = {isa = PBXFileReference; lastKnownFileType = file.storyboard; name = Base; path = Base.lproj/LaunchScreen.storyboard; sourceTree = "<group>"; };
		62D36DE91FD15BBC00D7699C /* Info.plist */ = {isa = PBXFileReference; lastKnownFileType = text.plist.xml; path = Info.plist; sourceTree = "<group>"; };
		62D36DEA1FD15BBC00D7699C /* main.m */ = {isa = PBXFileReference; lastKnownFileType = sourcecode.c.objc; path = main.m; sourceTree = "<group>"; };
		62D36DF01FD15BBC00D7699C /* TestTests.xctest */ = {isa = PBXFileReference; explicitFileType = wrapper.cfbundle; includeInIndex = 0; path = TestTests.xctest; sourceTree = BUILT_PRODUCTS_DIR; };
		62D36DF41FD15BBC00D7699C /* TestTests.m */ = {isa = PBXFileReference; lastKnownFileType = sourcecode.c.objc; path = TestTests.m; sourceTree = "<group>"; };
		62D36DF61FD15BBC00D7699C /* Info.plist */ = {isa = PBXFileReference; lastKnownFileType = text.plist.xml; path = Info.plist; sourceTree = "<group>"; };
		62D36DFB1FD15BBC00D7699C /* TestUITests.xctest */ = {isa = PBXFileReference; explicitFileType = wrapper.cfbundle; includeInIndex = 0; path = TestUITests.xctest; sourceTree = BUILT_PRODUCTS_DIR; };
		62D36DFF1FD15BBC00D7699C /* TestUITests.m */ = {isa = PBXFileReference; lastKnownFileType = sourcecode.c.objc; path = TestUITests.m; sourceTree = "<group>"; };
		62D36E011FD15BBC00D7699C /* Info.plist */ = {isa = PBXFileReference; lastKnownFileType = text.plist.xml; path = Info.plist; sourceTree = "<group>"; };
/* End PBXFileReference section */

/* Begin PBXFrameworksBuildPhase section */
		62D36DD21FD15BBC00D7699C /* Frameworks */ = {
			isa = PBXFrameworksBuildPhase;
			buildActionMask = 2147483647;
			files = (
			);
			runOnlyForDeploymentPostprocessing = 0;
		};
		62D36DED1FD15BBC00D7699C /* Frameworks */ = {
			isa = PBXFrameworksBuildPhase;
			buildActionMask = 2147483647;
			files = (
			);
			runOnlyForDeploymentPostprocessing = 0;
		};
		62D36DF81FD15BBC00D7699C /* Frameworks */ = {
			isa = PBXFrameworksBuildPhase;
			buildActionMask = 2147483647;
			files = (
			);
			runOnlyForDeploymentPostprocessing = 0;
		};
/* End PBXFrameworksBuildPhase section */

/* Begin PBXGroup section */
		62D36DCC1FD15BBB00D7699C = {
			isa = PBXGroup;
			children = (
				62D36DD71FD15BBC00D7699C /* Test */,
				62D36DF31FD15BBC00D7699C /* TestTests */,
				62D36DFE1FD15BBC00D7699C /* TestUITests */,
				62D36DD61FD15BBC00D7699C /* Products */,
			);
			sourceTree = "<group>";
		};
		62D36DD61FD15BBC00D7699C /* Products */ = {
			isa = PBXGroup;
			children = (
				62D36DD51FD15BBC00D7699C /* Test.app */,
				62D36DF01FD15BBC00D7699C /* TestTests.xctest */,
				62D36DFB1FD15BBC00D7699C /* TestUITests.xctest */,
			);
			name = Products;
			sourceTree = "<group>";
		};
		62D36DD71FD15BBC00D7699C /* Test */ = {
			isa = PBXGroup;
			children = (
				62D36DD81FD15BBC00D7699C /* AppDelegate.h */,
				62D36DD91FD15BBC00D7699C /* AppDelegate.m */,
				62D36DDB1FD15BBC00D7699C /* ViewController.h */,
				62D36DDC1FD15BBC00D7699C /* ViewController.m */,
				62D36DDE1FD15BBC00D7699C /* Main.storyboard */,
				62D36DE41FD15BBC00D7699C /* Assets.xcassets */,
				62D36DE61FD15BBC00D7699C /* LaunchScreen.storyboard */,
				62D36DE91FD15BBC00D7699C /* Info.plist */,
				62D36DEA1FD15BBC00D7699C /* main.m */,
				62D36DE11FD15BBC00D7699C /* Test.xcdatamodeld */,
			);
			path = Test;
			sourceTree = "<group>";
		};
		62D36DF31FD15BBC00D7699C /* TestTests */ = {
			isa = PBXGroup;
			children = (
				62D36DF41FD15BBC00D7699C /* TestTests.m */,
				62D36DF61FD15BBC00D7699C /* Info.plist */,
			);
			path = TestTests;
			sourceTree = "<group>";
		};
		62D36DFE1FD15BBC00D7699C /* TestUITests */ = {
			isa = PBXGroup;
			children = (
				62D36DFF1FD15BBC00D7699C /* TestUITests.m */,
				62D36E011FD15BBC00D7699C /* Info.plist */,
			);
			path = TestUITests;
			sourceTree = "<group>";
		};
/* End PBXGroup section */

/* Begin PBXNativeTarget section */
		62D36DD41FD15BBC00D7699C /* Test */ = {
			isa = PBXNativeTarget;
			buildConfigurationList = 62D36E041FD15BBC00D7699C /* Build configuration list for PBXNativeTarget "Test" */;
			buildPhases = (
				62D36DD11FD15BBC00D7699C /* Sources */,
				62D36DD21FD15BBC00D7699C /* Frameworks */,
				62D36DD31FD15BBC00D7699C /* Resources */,
			);
			buildRules = (
			);
			dependencies = (
			);
			name = Test;
			productName = Test;
			productReference = 62D36DD51FD15BBC00D7699C /* Test.app */;
			productType = "com.apple.product-type.application";
		};
		62D36DEF1FD15BBC00D7699C /* TestTests */ = {
			isa = PBXNativeTarget;
			buildConfigurationList = 62D36E071FD15BBC00D7699C /* Build configuration list for PBXNativeTarget "TestTests" */;
			buildPhases = (
				62D36DEC1FD15BBC00D7699C /* Sources */,
				62D36DED1FD15BBC00D7699C /* Frameworks */,
				62D36DEE1FD15BBC00D7699C /* Resources */,
			);
			buildRules = (
			);
			dependencies = (
				62D36DF21FD15BBC00D7699C /* PBXTargetDependency */,
			);
			name = TestTests;
			productName = TestTests;
			productReference = 62D36DF01FD15BBC00D7699C /* TestTests.xctest */;
			productType = "com.apple.product-type.bundle.unit-test";
		};
		62D36DFA1FD15BBC00D7699C /* TestUITests */ = {
			isa = PBXNativeTarget;
			buildConfigurationList = 62D36E0A1FD15BBC00D7699C /* Build configuration list for PBXNativeTarget "TestUITests" */;
			buildPhases = (
				62D36DF71FD15BBC00D7699C /* Sources */,
				62D36DF81FD15BBC00D7699C /* Frameworks */,
				62D36DF91FD15BBC00D7699C /* Resources */,
			);
			buildRules = (
			);
			dependencies = (
				62D36DFD1FD15BBC00D7699C /* PBXTargetDependency */,
			);
			name = TestUITests;
			productName = TestUITests;
			productReference = 62D36DFB1FD15BBC00D7699C /* TestUITests.xctest */;
			productType = "com.apple.product-type.bundle.ui-testing";
		};
/* End PBXNativeTarget section */

/* Begin PBXProject section */
		62D36DCD1FD15BBB00D7699C /* Project object */ = {
			isa = PBXProject;
			attributes = {
				LastUpgradeCheck = 0910;
				ORGANIZATIONNAME = ywc;
				TargetAttributes = {
					62D36DD41FD15BBC00D7699C = {
						CreatedOnToolsVersion = 9.1;
						ProvisioningStyle = Automatic;
					};
					62D36DEF1FD15BBC00D7699C = {
						CreatedOnToolsVersion = 9.1;
						ProvisioningStyle = Automatic;
						TestTargetID = 62D36DD41FD15BBC00D7699C;
					};
					62D36DFA1FD15BBC00D7699C = {
						CreatedOnToolsVersion = 9.1;
						ProvisioningStyle = Automatic;
						TestTargetID = 62D36DD41FD15BBC00D7699C;
					};
				};
			};
			buildConfigurationList = 62D36DD01FD15BBB00D7699C /* Build configuration list for PBXProject "Test" */;
			compatibilityVersion = "Xcode 8.0";
			developmentRegion = en;
			hasScannedForEncodings = 0;
			knownRegions = (
				en,
				Base,
			);
			mainGroup = 62D36DCC1FD15BBB00D7699C;
			productRefGroup = 62D36DD61FD15BBC00D7699C /* Products */;
			projectDirPath = "";
			projectRoot = "";
			targets = (
				62D36DD41FD15BBC00D7699C /* Test */,
				62D36DEF1FD15BBC00D7699C /* TestTests */,
				62D36DFA1FD15BBC00D7699C /* TestUITests */,
			);
		};
/* End PBXProject section */

/* Begin PBXResourcesBuildPhase section */
		62D36DD31FD15BBC00D7699C /* Resources */ = {
			isa = PBXResourcesBuildPhase;
			buildActionMask = 2147483647;
			files = (
				62D36DE81FD15BBC00D7699C /* LaunchScreen.storyboard in Resources */,
				62D36DE51FD15BBC00D7699C /* Assets.xcassets in Resources */,
				62D36DE01FD15BBC00D7699C /* Main.storyboard in Resources */,
			);
			runOnlyForDeploymentPostprocessing = 0;
		};
		62D36DEE1FD15BBC00D7699C /* Resources */ = {
			isa = PBXResourcesBuildPhase;
			buildActionMask = 2147483647;
			files = (
			);
			runOnlyForDeploymentPostprocessing = 0;
		};
		62D36DF91FD15BBC00D7699C /* Resources */ = {
			isa = PBXResourcesBuildPhase;
			buildActionMask = 2147483647;
			files = (
			);
			runOnlyForDeploymentPostprocessing = 0;
		};
/* End PBXResourcesBuildPhase section */

/* Begin PBXSourcesBuildPhase section */
		62D36DD11FD15BBC00D7699C /* Sources */ = {
			isa = PBXSourcesBuildPhase;
			buildActionMask = 2147483647;
			files = (
				62D36DDD1FD15BBC00D7699C /* ViewController.m in Sources */,
				62D36DDA1FD15BBC00D7699C /* AppDelegate.m in Sources */,
				62D36DEB1FD15BBC00D7699C /* main.m in Sources */,
				62D36DE31FD15BBC00D7699C /* Test.xcdatamodeld in Sources */,
			);
			runOnlyForDeploymentPostprocessing = 0;
		};
		62D36DEC1FD15BBC00D7699C /* Sources */ = {
			isa = PBXSourcesBuildPhase;
			buildActionMask = 2147483647;
			files = (
				62D36DF51FD15BBC00D7699C /* TestTests.m in Sources */,
			);
			runOnlyForDeploymentPostprocessing = 0;
		};
		62D36DF71FD15BBC00D7699C /* Sources */ = {
			isa = PBXSourcesBuildPhase;
			buildActionMask = 2147483647;
			files = (
				62D36E001FD15BBC00D7699C /* TestUITests.m in Sources */,
			);
			runOnlyForDeploymentPostprocessing = 0;
		};
/* End PBXSourcesBuildPhase section */

/* Begin PBXTargetDependency section */
		62D36DF21FD15BBC00D7699C /* PBXTargetDependency */ = {
			isa = PBXTargetDependency;
			target = 62D36DD41FD15BBC00D7699C /* Test */;
			targetProxy = 62D36DF11FD15BBC00D7699C /* PBXContainerItemProxy */;
		};
		62D36DFD1FD15BBC00D7699C /* PBXTargetDependency */ = {
			isa = PBXTargetDependency;
			target = 62D36DD41FD15BBC00D7699C /* Test */;
			targetProxy = 62D36DFC1FD15BBC00D7699C /* PBXContainerItemProxy */;
		};
/* End PBXTargetDependency section */

/* Begin PBXVariantGroup section */
		62D36DDE1FD15BBC00D7699C /* Main.storyboard */ = {
			isa = PBXVariantGroup;
			children = (
				62D36DDF1FD15BBC00D7699C /* Base */,
			);
			name = Main.storyboard;
			sourceTree = "<group>";
		};
		62D36DE61FD15BBC00D7699C /* LaunchScreen.storyboard */ = {
			isa = PBXVariantGroup;
			children = (
				62D36DE71FD15BBC00D7699C /* Base */,
			);
			name = LaunchScreen.storyboard;
			sourceTree = "<group>";
		};
/* End PBXVariantGroup section */

/* Begin XCBuildConfiguration section */
		62D36E021FD15BBC00D7699C /* Debug */ = {
			isa = XCBuildConfiguration;
			buildSettings = {
				ALWAYS_SEARCH_USER_PATHS = NO;
				CLANG_ANALYZER_NONNULL = YES;
				CLANG_ANALYZER_NUMBER_OBJECT_CONVERSION = YES_AGGRESSIVE;
				CLANG_CXX_LANGUAGE_STANDARD = "gnu++14";
				CLANG_CXX_LIBRARY = "libc++";
				CLANG_ENABLE_MODULES = YES;
				CLANG_ENABLE_OBJC_ARC = YES;
				CLANG_WARN_BLOCK_CAPTURE_AUTORELEASING = YES;
				CLANG_WARN_BOOL_CONVERSION = YES;
				CLANG_WARN_COMMA = YES;
				CLANG_WARN_CONSTANT_CONVERSION = YES;
				CLANG_WARN_DIRECT_OBJC_ISA_USAGE = YES_ERROR;
				CLANG_WARN_DOCUMENTATION_COMMENTS = YES;
				CLANG_WARN_EMPTY_BODY = YES;
				CLANG_WARN_ENUM_CONVERSION = YES;
				CLANG_WARN_INFINITE_RECURSION = YES;
				CLANG_WARN_INT_CONVERSION = YES;
				CLANG_WARN_NON_LITERAL_NULL_CONVERSION = YES;
				CLANG_WARN_OBJC_LITERAL_CONVERSION = YES;
				CLANG_WARN_OBJC_ROOT_CLASS = YES_ERROR;
				CLANG_WARN_RANGE_LOOP_ANALYSIS = YES;
				CLANG_WARN_STRICT_PROTOTYPES = YES;
				CLANG_WARN_SUSPICIOUS_MOVE = YES;
				CLANG_WARN_UNGUARDED_AVAILABILITY = YES_AGGRESSIVE;
				CLANG_WARN_UNREACHABLE_CODE = YES;
				CLANG_WARN__DUPLICATE_METHOD_MATCH = YES;
				CODE_SIGN_IDENTITY = "iPhone Developer";
				COPY_PHASE_STRIP = NO;
				DEBUG_INFORMATION_FORMAT = dwarf;
				ENABLE_STRICT_OBJC_MSGSEND = YES;
				ENABLE_TESTABILITY = YES;
				GCC_C_LANGUAGE_STANDARD = gnu11;
				GCC_DYNAMIC_NO_PIC = NO;
				GCC_NO_COMMON_BLOCKS = YES;
				GCC_OPTIMIZATION_LEVEL = 0;
				GCC_PREPROCESSOR_DEFINITIONS = (
					"DEBUG=1",
					"$(inherited)",
				);
				GCC_WARN_64_TO_32_BIT_CONVERSION = YES;
				GCC_WARN_ABOUT_RETURN_TYPE = YES_ERROR;
				GCC_WARN_UNDECLARED_SELECTOR = YES;
				GCC_WARN_UNINITIALIZED_AUTOS = YES_AGGRESSIVE;
				GCC_WARN_UNUSED_FUNCTION = YES;
				GCC_WARN_UNUSED_VARIABLE = YES;
				IPHONEOS_DEPLOYMENT_TARGET = 11.1;
				MTL_ENABLE_DEBUG_INFO = YES;
				ONLY_ACTIVE_ARCH = YES;
				SDKROOT = iphoneos;
			};
			name = Debug;
		};
		62D36E031FD15BBC00D7699C /* Release */ = {
			isa = XCBuildConfiguration;
			buildSettings = {
				ALWAYS_SEARCH_USER_PATHS = NO;
				CLANG_ANALYZER_NONNULL = YES;
				CLANG_ANALYZER_NUMBER_OBJECT_CONVERSION = YES_AGGRESSIVE;
				CLANG_CXX_LANGUAGE_STANDARD = "gnu++14";
				CLANG_CXX_LIBRARY = "libc++";
				CLANG_ENABLE_MODULES = YES;
				CLANG_ENABLE_OBJC_ARC = YES;
				CLANG_WARN_BLOCK_CAPTURE_AUTORELEASING = YES;
				CLANG_WARN_BOOL_CONVERSION = YES;
				CLANG_WARN_COMMA = YES;
				CLANG_WARN_CONSTANT_CONVERSION = YES;
				CLANG_WARN_DIRECT_OBJC_ISA_USAGE = YES_ERROR;
				CLANG_WARN_DOCUMENTATION_COMMENTS = YES;
				CLANG_WARN_EMPTY_BODY = YES;
				CLANG_WARN_ENUM_CONVERSION = YES;
				CLANG_WARN_INFINITE_RECURSION = YES;
				CLANG_WARN_INT_CONVERSION = YES;
				CLANG_WARN_NON_LITERAL_NULL_CONVERSION = YES;
				CLANG_WARN_OBJC_LITERAL_CONVERSION = YES;
				CLANG_WARN_OBJC_ROOT_CLASS = YES_ERROR;
				CLANG_WARN_RANGE_LOOP_ANALYSIS = YES;
				CLANG_WARN_STRICT_PROTOTYPES = YES;
				CLANG_WARN_SUSPICIOUS_MOVE = YES;
				CLANG_WARN_UNGUARDED_AVAILABILITY = YES_AGGRESSIVE;
				CLANG_WARN_UNREACHABLE_CODE = YES;
				CLANG_WARN__DUPLICATE_METHOD_MATCH = YES;
				CODE_SIGN_IDENTITY = "iPhone Developer";
				COPY_PHASE_STRIP = NO;
				DEBUG_INFORMATION_FORMAT = "dwarf-with-dsym";
				ENABLE_NS_ASSERTIONS = NO;
				ENABLE_STRICT_OBJC_MSGSEND = YES;
				GCC_C_LANGUAGE_STANDARD = gnu11;
				GCC_NO_COMMON_BLOCKS = YES;
				GCC_WARN_64_TO_32_BIT_CONVERSION = YES;
				GCC_WARN_ABOUT_RETURN_TYPE = YES_ERROR;
				GCC_WARN_UNDECLARED_SELECTOR = YES;
				GCC_WARN_UNINITIALIZED_AUTOS = YES_AGGRESSIVE;
				GCC_WARN_UNUSED_FUNCTION = YES;
				GCC_WARN_UNUSED_VARIABLE = YES;
				IPHONEOS_DEPLOYMENT_TARGET = 11.1;
				MTL_ENABLE_DEBUG_INFO = NO;
				SDKROOT = iphoneos;
				VALIDATE_PRODUCT = YES;
			};
			name = Release;
		};
		62D36E051FD15BBC00D7699C /* Debug */ = {
			isa = XCBuildConfiguration;
			buildSettings = {
				ASSETCATALOG_COMPILER_APPICON_NAME = AppIcon;
				"CODE_SIGN_IDENTITY[sdk=iphoneos*]" = "iPhone Developer";
				CODE_SIGN_STYLE = Automatic;
				DEVELOPMENT_TEAM = H73R3QG9UL;
				INFOPLIST_FILE = Test/Info.plist;
				LD_RUNPATH_SEARCH_PATHS = "$(inherited) @executable_path/Frameworks";
				PRODUCT_BUNDLE_IDENTIFIER = com.example.Test;
				PRODUCT_NAME = "$(TARGET_NAME)";
				PROVISIONING_PROFILE_SPECIFIER = "";
				TARGETED_DEVICE_FAMILY = "1,2";
			};
			name = Debug;
		};
		62D36E061FD15BBC00D7699C /* Release */ = {
			isa = XCBuildConfiguration;
			buildSettings = {
				ASSETCATALOG_COMPILER_APPICON_NAME = AppIcon;
				"CODE_SIGN_IDENTITY[sdk=iphoneos*]" = "iPhone Developer";
				CODE_SIGN_STYLE = Automatic;
				DEVELOPMENT_TEAM = H73R3QG9UL;
				INFOPLIST_FILE = Test/Info.plist;
				LD_RUNPATH_SEARCH_PATHS = "$(inherited) @executable_path/Frameworks";
				PRODUCT_BUNDLE_IDENTIFIER = com.example.Test;
				PRODUCT_NAME = "$(TARGET_NAME)";
				PROVISIONING_PROFILE_SPECIFIER = "";
				TARGETED_DEVICE_FAMILY = "1,2";
			};
			name = Release;
		};
		62D36E081FD15BBC00D7699C /* Debug */ = {
			isa = XCBuildConfiguration;
			buildSettings = {
				BUNDLE_LOADER = "$(TEST_HOST)";
				CODE_SIGN_STYLE = Automatic;
				DEVELOPMENT_TEAM = 34CC3Y6G4G;
				INFOPLIST_FILE = TestTests/Info.plist;
				LD_RUNPATH_SEARCH_PATHS = "$(inherited) @executable_path/Frameworks @loader_path/Frameworks";
				PRODUCT_BUNDLE_IDENTIFIER = com.example.TestTests;
				PRODUCT_NAME = "$(TARGET_NAME)";
				TARGETED_DEVICE_FAMILY = "1,2";
				TEST_HOST = "$(BUILT_PRODUCTS_DIR)/Test.app/Test";
			};
			name = Debug;
		};
		62D36E091FD15BBC00D7699C /* Release */ = {
			isa = XCBuildConfiguration;
			buildSettings = {
				BUNDLE_LOADER = "$(TEST_HOST)";
				CODE_SIGN_STYLE = Automatic;
				DEVELOPMENT_TEAM = 34CC3Y6G4G;
				INFOPLIST_FILE = TestTests/Info.plist;
				LD_RUNPATH_SEARCH_PATHS = "$(inherited) @executable_path/Frameworks @loader_path/Frameworks";
				PRODUCT_BUNDLE_IDENTIFIER = com.example.TestTests;
				PRODUCT_NAME = "$(TARGET_NAME)";
				TARGETED_DEVICE_FAMILY = "1,2";
				TEST_HOST = "$(BUILT_PRODUCTS_DIR)/Test.app/Test";
			};
			name = Release;
		};
		62D36E0B1FD15BBC00D7699C /* Debug */ = {
			isa = XCBuildConfiguration;
			buildSettings = {
				CODE_SIGN_STYLE = Automatic;
				DEVELOPMENT_TEAM = 34CC3Y6G4G;
				INFOPLIST_FILE = TestUITests/Info.plist;
				LD_RUNPATH_SEARCH_PATHS = "$(inherited) @executable_path/Frameworks @loader_path/Frameworks";
				PRODUCT_BUNDLE_IDENTIFIER = com.example.TestUITests;
				PRODUCT_NAME = "$(TARGET_NAME)";
				TARGETED_DEVICE_FAMILY = "1,2";
				TEST_TARGET_NAME = Test;
			};
			name = Debug;
		};
		62D36E0C1FD15BBC00D7699C /* Release */ = {
			isa = XCBuildConfiguration;
			buildSettings = {
				CODE_SIGN_STYLE = Automatic;
				DEVELOPMENT_TEAM = 34CC3Y6G4G;
				INFOPLIST_FILE = TestUITests/Info.plist;
				LD_RUNPATH_SEARCH_PATHS = "$(inherited) @executable_path/Frameworks @loader_path/Frameworks";
				PRODUCT_BUNDLE_IDENTIFIER = com.example.TestUITests;
				PRODUCT_NAME = "$(TARGET_NAME)";
				TARGETED_DEVICE_FAMILY = "1,2";
				TEST_TARGET_NAME = Test;
			};
			name = Release;
		};
/* End XCBuildConfiguration section */

/* Begin XCConfigurationList section */
		62D36DD01FD15BBB00D7699C /* Build configuration list for PBXProject "Test" */ = {
			isa = XCConfigurationList;
			buildConfigurations = (
				62D36E021FD15BBC00D7699C /* Debug */,
				62D36E031FD15BBC00D7699C /* Release */,
			);
			defaultConfigurationIsVisible = 0;
			defaultConfigurationName = Release;
		};
		62D36E041FD15BBC00D7699C /* Build configuration list for PBXNativeTarget "Test" */ = {
			isa = XCConfigurationList;
			buildConfigurations = (
				62D36E051FD15BBC00D7699C /* Debug */,
				62D36E061FD15BBC00D7699C /* Release */,
			);
			defaultConfigurationIsVisible = 0;
			defaultConfigurationName = Release;
		};
		62D36E071FD15BBC00D7699C /* Build configuration list for PBXNativeTarget "TestTests" */ = {
			isa = XCConfigurationList;
			buildConfigurations = (
				62D36E081FD15BBC00D7699C /* Debug */,
				62D36E091FD15BBC00D7699C /* Release */,
			);
			defaultConfigurationIsVisible = 0;
			defaultConfigurationName = Release;
		};
		62D36E0A1FD15BBC00D7699C /* Build configuration list for PBXNativeTarget "TestUITests" */ = {
			isa = XCConfigurationList;
			buildConfigurations = (
				62D36E0B1FD15BBC00D7699C /* Debug */,
				62D36E0C1FD15BBC00D7699C /* Release */,
			);
			defaultConfigurationIsVisible = 0;
			defaultConfigurationName = Release;
		};
/* End XCConfigurationList section */

/* Begin XCVersionGroup section */
		62D36DE11FD15BBC00D7699C /* Test.xcdatamodeld */ = {
			isa = XCVersionGroup;
			children = (
				62D36DE21FD15BBC00D7699C /* Test.xcdatamodel */,
			);
			currentVersion = 62D36DE21FD15BBC00D7699C /* Test.xcdatamodel */;
			path = Test.xcdatamodeld;
			sourceTree = "<group>";
			versionGroupType = wrapper.xcdatamodel;
		};
/* End XCVersionGroup section */
	};
	rootObject = 62D36DCD1FD15BBB00D7699C /* Project object */;
}
